
Microsoft Visual Studio Solution File, Format Version 12.00
# Visual Studio Version 17
VisualStudioVersion = 17.4.33205.214
MinimumVisualStudioVersion = 10.0.40219.1
Project("{FAE04EC0-301F-11D3-BF4B-00C04F79EFBC}") = "Ref, Out, In", "Ref, Out, In\Ref, Out, In.csproj", "{C0714F39-E6B1-4932-8013-1488DD60D28B}"
EndProject
Global
	GlobalSection(SolutionConfigurationPlatforms) = preSolution
		Debug|Any CPU = Debug|Any CPU
		Release|Any CPU = Release|Any CPU
	EndGlobalSection
	GlobalSection(ProjectConfigurationPlatforms) = postSolution
		{C0714F39-E6B1-4932-8013-1488DD60D28B}.Debug|Any CPU.ActiveCfg = Debug|Any CPU
		{C0714F39-E6B1-4932-8013-1488DD60D28B}.Debug|Any CPU.Build.0 = Debug|Any CPU
		{C0714F39-E6B1-4932-8013-1488DD60D28B}.Release|Any CPU.ActiveCfg = Release|Any CPU
		{C0714F39-E6B1-4932-8013-1488DD60D28B}.Release|Any CPU.Build.0 = Release|Any CPU
	EndGlobalSection
	GlobalSection(SolutionProperties) = preSolution
		HideSolutionNode = FALSE
	EndGlobalSection
	GlobalSection(ExtensibilityGlobals) = postSolution
		SolutionGuid = {A3091A5B-B502-4C15-8FD8-CFE1EB3816C3}
	EndGlobalSection
EndGlobal
